
Microsoft Visual Studio Solution File, Format Version 12.00
# Visual Studio 15
VisualStudioVersion = 15.0.27428.2037
MinimumVisualStudioVersion = 10.0.40219.1
Project("{FAE04EC0-301F-11D3-BF4B-00C04F79EFBC}") = "RayTracer", "RayTracer\RayTracer.csproj", "{8CA1BB41-F080-4EAB-992C-EEB6C2CB38BE}"
EndProject
Global
	GlobalSection(SolutionConfigurationPlatforms) = preSolution
		Debug|Any CPU = Debug|Any CPU
		Release|Any CPU = Release|Any CPU
	EndGlobalSection
	GlobalSection(ProjectConfigurationPlatforms) = postSolution
		{8CA1BB41-F080-4EAB-992C-EEB6C2CB38BE}.Debug|Any CPU.ActiveCfg = Debug|Any CPU
		{8CA1BB41-F080-4EAB-992C-EEB6C2CB38BE}.Debug|Any CPU.Build.0 = Debug|Any CPU
		{8CA1BB41-F080-4EAB-992C-EEB6C2CB38BE}.Release|Any CPU.ActiveCfg = Release|Any CPU
		{8CA1BB41-F080-4EAB-992C-EEB6C2CB38BE}.Release|Any CPU.Build.0 = Release|Any CPU
	EndGlobalSection
	GlobalSection(SolutionProperties) = preSolution
		HideSolutionNode = FALSE
	EndGlobalSection
	GlobalSection(ExtensibilityGlobals) = postSolution
		SolutionGuid = {405A4A57-F894-4432-9B24-01C51E6CD262}
	EndGlobalSection
EndGlobal
